
Microsoft Visual Studio Solution File, Format Version 12.00
# Visual Studio 2012
Project("{FAE04EC0-301F-11D3-BF4B-00C04F79EFBC}") = "MvcApplication1", "MvcApplication1\MvcApplication1.csproj", "{56C0FFD0-7BAC-4A54-BE29-81CE6170B555}"
EndProject
Project("{FAE04EC0-301F-11D3-BF4B-00C04F79EFBC}") = "UnitTestProject", "UnitTestProject\UnitTestProject.csproj", "{977A8154-8662-4021-A63F-7D7DE692818C}"
EndProject
Project("{2150E333-8FDC-42A3-9474-1A3956D46DE8}") = ".nuget", ".nuget", "{88A472C7-6FF9-4606-B34C-B3F8B57D524D}"
	ProjectSection(SolutionItems) = preProject
		.nuget\NuGet.Config = .nuget\NuGet.Config
		.nuget\NuGet.exe = .nuget\NuGet.exe
		.nuget\NuGet.targets = .nuget\NuGet.targets
	EndProjectSection
EndProject
Global
	GlobalSection(SolutionConfigurationPlatforms) = preSolution
		Debug|Any CPU = Debug|Any CPU
		Release|Any CPU = Release|Any CPU
	EndGlobalSection
	GlobalSection(ProjectConfigurationPlatforms) = postSolution
		{56C0FFD0-7BAC-4A54-BE29-81CE6170B555}.Debug|Any CPU.ActiveCfg = Debug|Any CPU
		{56C0FFD0-7BAC-4A54-BE29-81CE6170B555}.Debug|Any CPU.Build.0 = Debug|Any CPU
		{56C0FFD0-7BAC-4A54-BE29-81CE6170B555}.Release|Any CPU.ActiveCfg = Release|Any CPU
		{56C0FFD0-7BAC-4A54-BE29-81CE6170B555}.Release|Any CPU.Build.0 = Release|Any CPU
		{977A8154-8662-4021-A63F-7D7DE692818C}.Debug|Any CPU.ActiveCfg = Debug|Any CPU
		{977A8154-8662-4021-A63F-7D7DE692818C}.Debug|Any CPU.Build.0 = Debug|Any CPU
		{977A8154-8662-4021-A63F-7D7DE692818C}.Release|Any CPU.ActiveCfg = Release|Any CPU
		{977A8154-8662-4021-A63F-7D7DE692818C}.Release|Any CPU.Build.0 = Release|Any CPU
	EndGlobalSection
	GlobalSection(SolutionProperties) = preSolution
		HideSolutionNode = FALSE
	EndGlobalSection
EndGlobal
